
Microsoft Visual Studio Solution File, Format Version 12.00
# Visual Studio Version 16
VisualStudioVersion = 16.0.29709.97
MinimumVisualStudioVersion = 10.0.40219.1
Project("{FAE04EC0-301F-11D3-BF4B-00C04F79EFBC}") = "WebSocket-CHAT", "WebSocket-CHAT.csproj", "{8B2F7030-84CD-48FB-AAE5-AB26B803AC25}"
EndProject
Global
	GlobalSection(SolutionConfigurationPlatforms) = preSolution
		Debug|Any CPU = Debug|Any CPU
		Release|Any CPU = Release|Any CPU
	EndGlobalSection
	GlobalSection(ProjectConfigurationPlatforms) = postSolution
		{8B2F7030-84CD-48FB-AAE5-AB26B803AC25}.Debug|Any CPU.ActiveCfg = Debug|Any CPU
		{8B2F7030-84CD-48FB-AAE5-AB26B803AC25}.Debug|Any CPU.Build.0 = Debug|Any CPU
		{8B2F7030-84CD-48FB-AAE5-AB26B803AC25}.Release|Any CPU.ActiveCfg = Release|Any CPU
		{8B2F7030-84CD-48FB-AAE5-AB26B803AC25}.Release|Any CPU.Build.0 = Release|Any CPU
	EndGlobalSection
	GlobalSection(SolutionProperties) = preSolution
		HideSolutionNode = FALSE
	EndGlobalSection
	GlobalSection(ExtensibilityGlobals) = postSolution
		SolutionGuid = {BC1AA83B-1157-44D6-8206-892C15C6D5D4}
	EndGlobalSection
EndGlobal
